
Microsoft Visual Studio Solution File, Format Version 11.00
# Visual C++ Express 2010
Project("{8BC9CEB8-8B4A-11D0-8D11-00A0C91BC942}") = "hw1-managed", "hw1-managed\hw1-managed.vcxproj", "{4149360A-C74F-400D-B9C4-6FFE5044F971}"
EndProject
Global
	GlobalSection(SolutionConfigurationPlatforms) = preSolution
		Debug|Win32 = Debug|Win32
		Release|Win32 = Release|Win32
	EndGlobalSection
	GlobalSection(ProjectConfigurationPlatforms) = postSolution
		{4149360A-C74F-400D-B9C4-6FFE5044F971}.Debug|Win32.ActiveCfg = Debug|Win32
		{4149360A-C74F-400D-B9C4-6FFE5044F971}.Debug|Win32.Build.0 = Debug|Win32
		{4149360A-C74F-400D-B9C4-6FFE5044F971}.Release|Win32.ActiveCfg = Release|Win32
		{4149360A-C74F-400D-B9C4-6FFE5044F971}.Release|Win32.Build.0 = Release|Win32
	EndGlobalSection
	GlobalSection(SolutionProperties) = preSolution
		HideSolutionNode = FALSE
	EndGlobalSection
EndGlobal
